// !$*UTF8*$!
{
	archiveVersion = 1;
	classes = {
	};
	objectVersion = 46;
	objects = {

/* Begin PBXBuildFile section */
		44E879AA1DE3A37500A14C57 /* AppDelegate.swift in Sources */ = {isa = PBXBuildFile; fileRef = 44E879A91DE3A37500A14C57 /* AppDelegate.swift */; };
		44E879AC1DE3A37500A14C57 /* ViewController.swift in Sources */ = {isa = PBXBuildFile; fileRef = 44E879AB1DE3A37500A14C57 /* ViewController.swift */; };
		44E879AF1DE3A37500A14C57 /* Main.storyboard in Resources */ = {isa = PBXBuildFile; fileRef = 44E879AD1DE3A37500A14C57 /* Main.storyboard */; };
		44E879B21DE3A37500A14C57 /* BLEApp.xcdatamodeld in Sources */ = {isa = PBXBuildFile; fileRef = 44E879B01DE3A37500A14C57 /* BLEApp.xcdatamodeld */; };
		44E879B41DE3A37500A14C57 /* Assets.xcassets in Resources */ = {isa = PBXBuildFile; fileRef = 44E879B31DE3A37500A14C57 /* Assets.xcassets */; };
		44E879B71DE3A37500A14C57 /* LaunchScreen.storyboard in Resources */ = {isa = PBXBuildFile; fileRef = 44E879B51DE3A37500A14C57 /* LaunchScreen.storyboard */; };
		44E879BF1DE4A6BE00A14C57 /* Stylesheet.swift in Sources */ = {isa = PBXBuildFile; fileRef = 44E879BE1DE4A6BE00A14C57 /* Stylesheet.swift */; };
		44E879C71DE4AC3F00A14C57 /* BebasNeue Book.ttf in Resources */ = {isa = PBXBuildFile; fileRef = 44E879C41DE4AC3F00A14C57 /* BebasNeue Book.ttf */; };
		44E879C81DE4AC3F00A14C57 /* BebasNeue Light.ttf in Resources */ = {isa = PBXBuildFile; fileRef = 44E879C51DE4AC3F00A14C57 /* BebasNeue Light.ttf */; };
		44E879C91DE4AC3F00A14C57 /* BebasNeue Regular.ttf in Resources */ = {isa = PBXBuildFile; fileRef = 44E879C61DE4AC3F00A14C57 /* BebasNeue Regular.ttf */; };
/* End PBXBuildFile section */

/* Begin PBXFileReference section */
		44E879A61DE3A37500A14C57 /* BLEApp.app */ = {isa = PBXFileReference; explicitFileType = wrapper.application; includeInIndex = 0; path = BLEApp.app; sourceTree = BUILT_PRODUCTS_DIR; };
		44E879A91DE3A37500A14C57 /* AppDelegate.swift */ = {isa = PBXFileReference; lastKnownFileType = sourcecode.swift; path = AppDelegate.swift; sourceTree = "<group>"; };
		44E879AB1DE3A37500A14C57 /* ViewController.swift */ = {isa = PBXFileReference; lastKnownFileType = sourcecode.swift; path = ViewController.swift; sourceTree = "<group>"; };
		44E879AE1DE3A37500A14C57 /* Base */ = {isa = PBXFileReference; lastKnownFileType = file.storyboard; name = Base; path = Base.lproj/Main.storyboard; sourceTree = "<group>"; };
		44E879B11DE3A37500A14C57 /* BLEApp.xcdatamodel */ = {isa = PBXFileReference; lastKnownFileType = wrapper.xcdatamodel; path = BLEApp.xcdatamodel; sourceTree = "<group>"; };
		44E879B31DE3A37500A14C57 /* Assets.xcassets */ = {isa = PBXFileReference; lastKnownFileType = folder.assetcatalog; path = Assets.xcassets; sourceTree = "<group>"; };
		44E879B61DE3A37500A14C57 /* Base */ = {isa = PBXFileReference; lastKnownFileType = file.storyboard; name = Base; path = Base.lproj/LaunchScreen.storyboard; sourceTree = "<group>"; };
		44E879B81DE3A37500A14C57 /* Info.plist */ = {isa = PBXFileReference; lastKnownFileType = text.plist.xml; path = Info.plist; sourceTree = "<group>"; };
		44E879BE1DE4A6BE00A14C57 /* Stylesheet.swift */ = {isa = PBXFileReference; fileEncoding = 4; lastKnownFileType = sourcecode.swift; name = Stylesheet.swift; path = stylesheet/Stylesheet.swift; sourceTree = "<group>"; };
		44E879C41DE4AC3F00A14C57 /* BebasNeue Book.ttf */ = {isa = PBXFileReference; lastKnownFileType = file; name = "BebasNeue Book.ttf"; path = "stylesheet/BebasNeue Book.ttf"; sourceTree = "<group>"; };
		44E879C51DE4AC3F00A14C57 /* BebasNeue Light.ttf */ = {isa = PBXFileReference; lastKnownFileType = file; name = "BebasNeue Light.ttf"; path = "stylesheet/BebasNeue Light.ttf"; sourceTree = "<group>"; };
		44E879C61DE4AC3F00A14C57 /* BebasNeue Regular.ttf */ = {isa = PBXFileReference; lastKnownFileType = file; name = "BebasNeue Regular.ttf"; path = "stylesheet/BebasNeue Regular.ttf"; sourceTree = "<group>"; };
/* End PBXFileReference section */

/* Begin PBXFrameworksBuildPhase section */
		44E879A31DE3A37500A14C57 /* Frameworks */ = {
			isa = PBXFrameworksBuildPhase;
			buildActionMask = 2147483647;
			files = (
			);
			runOnlyForDeploymentPostprocessing = 0;
		};
/* End PBXFrameworksBuildPhase section */

/* Begin PBXGroup section */
		44E8799D1DE3A37500A14C57 = {
			isa = PBXGroup;
			children = (
				44E879A81DE3A37500A14C57 /* BLEApp */,
				44E879A71DE3A37500A14C57 /* Products */,
			);
			sourceTree = "<group>";
		};
		44E879A71DE3A37500A14C57 /* Products */ = {
			isa = PBXGroup;
			children = (
				44E879A61DE3A37500A14C57 /* BLEApp.app */,
			);
			name = Products;
			sourceTree = "<group>";
		};
		44E879A81DE3A37500A14C57 /* BLEApp */ = {
			isa = PBXGroup;
			children = (
				44E879A91DE3A37500A14C57 /* AppDelegate.swift */,
				44E879AB1DE3A37500A14C57 /* ViewController.swift */,
				44E879BE1DE4A6BE00A14C57 /* Stylesheet.swift */,
				44E879C31DE4ABA600A14C57 /* Supporting Files */,
			);
			path = BLEApp;
			sourceTree = "<group>";
		};
		44E879C31DE4ABA600A14C57 /* Supporting Files */ = {
			isa = PBXGroup;
			children = (
				44E879C41DE4AC3F00A14C57 /* BebasNeue Book.ttf */,
				44E879C51DE4AC3F00A14C57 /* BebasNeue Light.ttf */,
				44E879C61DE4AC3F00A14C57 /* BebasNeue Regular.ttf */,
				44E879AD1DE3A37500A14C57 /* Main.storyboard */,
				44E879B31DE3A37500A14C57 /* Assets.xcassets */,
				44E879B51DE3A37500A14C57 /* LaunchScreen.storyboard */,
				44E879B81DE3A37500A14C57 /* Info.plist */,
				44E879B01DE3A37500A14C57 /* BLEApp.xcdatamodeld */,
			);
			name = "Supporting Files";
			sourceTree = "<group>";
		};
/* End PBXGroup section */

/* Begin PBXNativeTarget section */
		44E879A51DE3A37500A14C57 /* BLEApp */ = {
			isa = PBXNativeTarget;
			buildConfigurationList = 44E879BB1DE3A37500A14C57 /* Build configuration list for PBXNativeTarget "BLEApp" */;
			buildPhases = (
				44E879A21DE3A37500A14C57 /* Sources */,
				44E879A31DE3A37500A14C57 /* Frameworks */,
				44E879A41DE3A37500A14C57 /* Resources */,
			);
			buildRules = (
			);
			dependencies = (
			);
			name = BLEApp;
			productName = BLEApp;
			productReference = 44E879A61DE3A37500A14C57 /* BLEApp.app */;
			productType = "com.apple.product-type.application";
		};
/* End PBXNativeTarget section */

/* Begin PBXProject section */
		44E8799E1DE3A37500A14C57 /* Project object */ = {
			isa = PBXProject;
			attributes = {
				LastSwiftUpdateCheck = 0810;
				LastUpgradeCheck = 0810;
				ORGANIZATIONNAME = "Yevhen Kim";
				TargetAttributes = {
					44E879A51DE3A37500A14C57 = {
						CreatedOnToolsVersion = 8.1;
						DevelopmentTeam = ZQULK99ND9;
						ProvisioningStyle = Automatic;
						SystemCapabilities = {
							com.apple.BackgroundModes = {
								enabled = 1;
							};
						};
					};
				};
			};
			buildConfigurationList = 44E879A11DE3A37500A14C57 /* Build configuration list for PBXProject "BLEApp" */;
			compatibilityVersion = "Xcode 3.2";
			developmentRegion = English;
			hasScannedForEncodings = 0;
			knownRegions = (
				en,
				Base,
			);
			mainGroup = 44E8799D1DE3A37500A14C57;
			productRefGroup = 44E879A71DE3A37500A14C57 /* Products */;
			projectDirPath = "";
			projectRoot = "";
			targets = (
				44E879A51DE3A37500A14C57 /* BLEApp */,
			);
		};
/* End PBXProject section */

/* Begin PBXResourcesBuildPhase section */
		44E879A41DE3A37500A14C57 /* Resources */ = {
			isa = PBXResourcesBuildPhase;
			buildActionMask = 2147483647;
			files = (
				44E879B71DE3A37500A14C57 /* LaunchScreen.storyboard in Resources */,
				44E879C81DE4AC3F00A14C57 /* BebasNeue Light.ttf in Resources */,
				44E879B41DE3A37500A14C57 /* Assets.xcassets in Resources */,
				44E879AF1DE3A37500A14C57 /* Main.storyboard in Resources */,
				44E879C71DE4AC3F00A14C57 /* BebasNeue Book.ttf in Resources */,
				44E879C91DE4AC3F00A14C57 /* BebasNeue Regular.ttf in Resources */,
			);
			runOnlyForDeploymentPostprocessing = 0;
		};
/* End PBXResourcesBuildPhase section */

/* Begin PBXSourcesBuildPhase section */
		44E879A21DE3A37500A14C57 /* Sources */ = {
			isa = PBXSourcesBuildPhase;
			buildActionMask = 2147483647;
			files = (
				44E879AC1DE3A37500A14C57 /* ViewController.swift in Sources */,
				44E879BF1DE4A6BE00A14C57 /* Stylesheet.swift in Sources */,
				44E879B21DE3A37500A14C57 /* BLEApp.xcdatamodeld in Sources */,
				44E879AA1DE3A37500A14C57 /* AppDelegate.swift in Sources */,
			);
			runOnlyForDeploymentPostprocessing = 0;
		};
/* End PBXSourcesBuildPhase section */

/* Begin PBXVariantGroup section */
		44E879AD1DE3A37500A14C57 /* Main.storyboard */ = {
			isa = PBXVariantGroup;
			children = (
				44E879AE1DE3A37500A14C57 /* Base */,
			);
			name = Main.storyboard;
			sourceTree = "<group>";
		};
		44E879B51DE3A37500A14C57 /* LaunchScreen.storyboard */ = {
			isa = PBXVariantGroup;
			children = (
				44E879B61DE3A37500A14C57 /* Base */,
			);
			name = LaunchScreen.storyboard;
			sourceTree = "<group>";
		};
/* End PBXVariantGroup section */

/* Begin XCBuildConfiguration section */
		44E879B91DE3A37500A14C57 /* Debug */ = {
			isa = XCBuildConfiguration;
			buildSettings = {
				ALWAYS_SEARCH_USER_PATHS = NO;
				CLANG_ANALYZER_NONNULL = YES;
				CLANG_CXX_LANGUAGE_STANDARD = "gnu++0x";
				CLANG_CXX_LIBRARY = "libc++";
				CLANG_ENABLE_MODULES = YES;
				CLANG_ENABLE_OBJC_ARC = YES;
				CLANG_WARN_BOOL_CONVERSION = YES;
				CLANG_WARN_CONSTANT_CONVERSION = YES;
				CLANG_WARN_DIRECT_OBJC_ISA_USAGE = YES_ERROR;
				CLANG_WARN_DOCUMENTATION_COMMENTS = YES;
				CLANG_WARN_EMPTY_BODY = YES;
				CLANG_WARN_ENUM_CONVERSION = YES;
				CLANG_WARN_INFINITE_RECURSION = YES;
				CLANG_WARN_INT_CONVERSION = YES;
				CLANG_WARN_OBJC_ROOT_CLASS = YES_ERROR;
				CLANG_WARN_SUSPICIOUS_MOVES = YES;
				CLANG_WARN_UNREACHABLE_CODE = YES;
				CLANG_WARN__DUPLICATE_METHOD_MATCH = YES;
				"CODE_SIGN_IDENTITY[sdk=iphoneos*]" = "iPhone Developer";
				COPY_PHASE_STRIP = NO;
				DEBUG_INFORMATION_FORMAT = dwarf;
				ENABLE_STRICT_OBJC_MSGSEND = YES;
				ENABLE_TESTABILITY = YES;
				GCC_C_LANGUAGE_STANDARD = gnu99;
				GCC_DYNAMIC_NO_PIC = NO;
				GCC_NO_COMMON_BLOCKS = YES;
				GCC_OPTIMIZATION_LEVEL = 0;
				GCC_PREPROCESSOR_DEFINITIONS = (
					"DEBUG=1",
					"$(inherited)",
				);
				GCC_WARN_64_TO_32_BIT_CONVERSION = YES;
				GCC_WARN_ABOUT_RETURN_TYPE = YES_ERROR;
				GCC_WARN_UNDECLARED_SELECTOR = YES;
				GCC_WARN_UNINITIALIZED_AUTOS = YES_AGGRESSIVE;
				GCC_WARN_UNUSED_FUNCTION = YES;
				GCC_WARN_UNUSED_VARIABLE = YES;
				IPHONEOS_DEPLOYMENT_TARGET = 10.1;
				MTL_ENABLE_DEBUG_INFO = YES;
				ONLY_ACTIVE_ARCH = YES;
				SDKROOT = iphoneos;
				SWIFT_ACTIVE_COMPILATION_CONDITIONS = DEBUG;
				SWIFT_OPTIMIZATION_LEVEL = "-Onone";
			};
			name = Debug;
		};
		44E879BA1DE3A37500A14C57 /* Release */ = {
			isa = XCBuildConfiguration;
			buildSettings = {
				ALWAYS_SEARCH_USER_PATHS = NO;
				CLANG_ANALYZER_NONNULL = YES;
				CLANG_CXX_LANGUAGE_STANDARD = "gnu++0x";
				CLANG_CXX_LIBRARY = "libc++";
				CLANG_ENABLE_MODULES = YES;
				CLANG_ENABLE_OBJC_ARC = YES;
				CLANG_WARN_BOOL_CONVERSION = YES;
				CLANG_WARN_CONSTANT_CONVERSION = YES;
				CLANG_WARN_DIRECT_OBJC_ISA_USAGE = YES_ERROR;
				CLANG_WARN_DOCUMENTATION_COMMENTS = YES;
				CLANG_WARN_EMPTY_BODY = YES;
				CLANG_WARN_ENUM_CONVERSION = YES;
				CLANG_WARN_INFINITE_RECURSION = YES;
				CLANG_WARN_INT_CONVERSION = YES;
				CLANG_WARN_OBJC_ROOT_CLASS = YES_ERROR;
				CLANG_WARN_SUSPICIOUS_MOVES = YES;
				CLANG_WARN_UNREACHABLE_CODE = YES;
				CLANG_WARN__DUPLICATE_METHOD_MATCH = YES;
				"CODE_SIGN_IDENTITY[sdk=iphoneos*]" = "iPhone Developer";
				COPY_PHASE_STRIP = NO;
				DEBUG_INFORMATION_FORMAT = "dwarf-with-dsym";
				ENABLE_NS_ASSERTIONS = NO;
				ENABLE_STRICT_OBJC_MSGSEND = YES;
				GCC_C_LANGUAGE_STANDARD = gnu99;
				GCC_NO_COMMON_BLOCKS = YES;
				GCC_WARN_64_TO_32_BIT_CONVERSION = YES;
				GCC_WARN_ABOUT_RETURN_TYPE = YES_ERROR;
				GCC_WARN_UNDECLARED_SELECTOR = YES;
				GCC_WARN_UNINITIALIZED_AUTOS = YES_AGGRESSIVE;
				GCC_WARN_UNUSED_FUNCTION = YES;
				GCC_WARN_UNUSED_VARIABLE = YES;
				IPHONEOS_DEPLOYMENT_TARGET = 10.1;
				MTL_ENABLE_DEBUG_INFO = NO;
				SDKROOT = iphoneos;
				SWIFT_OPTIMIZATION_LEVEL = "-Owholemodule";
				VALIDATE_PRODUCT = YES;
			};
			name = Release;
		};
		44E879BC1DE3A37500A14C57 /* Debug */ = {
			isa = XCBuildConfiguration;
			buildSettings = {
				ASSETCATALOG_COMPILER_APPICON_NAME = AppIcon;
				DEVELOPMENT_TEAM = ZQULK99ND9;
				INFOPLIST_FILE = BLEApp/Info.plist;
				LD_RUNPATH_SEARCH_PATHS = "$(inherited) @executable_path/Frameworks";
				PRODUCT_BUNDLE_IDENTIFIER = com.yevhenkim.BLEApp;
				PRODUCT_NAME = "$(TARGET_NAME)";
				SWIFT_VERSION = 3.0;
			};
			name = Debug;
		};
		44E879BD1DE3A37500A14C57 /* Release */ = {
			isa = XCBuildConfiguration;
			buildSettings = {
				ASSETCATALOG_COMPILER_APPICON_NAME = AppIcon;
				DEVELOPMENT_TEAM = ZQULK99ND9;
				INFOPLIST_FILE = BLEApp/Info.plist;
				LD_RUNPATH_SEARCH_PATHS = "$(inherited) @executable_path/Frameworks";
				PRODUCT_BUNDLE_IDENTIFIER = com.yevhenkim.BLEApp;
				PRODUCT_NAME = "$(TARGET_NAME)";
				SWIFT_VERSION = 3.0;
			};
			name = Release;
		};
/* End XCBuildConfiguration section */

/* Begin XCConfigurationList section */
		44E879A11DE3A37500A14C57 /* Build configuration list for PBXProject "BLEApp" */ = {
			isa = XCConfigurationList;
			buildConfigurations = (
				44E879B91DE3A37500A14C57 /* Debug */,
				44E879BA1DE3A37500A14C57 /* Release */,
			);
			defaultConfigurationIsVisible = 0;
			defaultConfigurationName = Release;
		};
		44E879BB1DE3A37500A14C57 /* Build configuration list for PBXNativeTarget "BLEApp" */ = {
			isa = XCConfigurationList;
			buildConfigurations = (
				44E879BC1DE3A37500A14C57 /* Debug */,
				44E879BD1DE3A37500A14C57 /* Release */,
			);
			defaultConfigurationIsVisible = 0;
			defaultConfigurationName = Release;
		};
/* End XCConfigurationList section */

/* Begin XCVersionGroup section */
		44E879B01DE3A37500A14C57 /* BLEApp.xcdatamodeld */ = {
			isa = XCVersionGroup;
			children = (
				44E879B11DE3A37500A14C57 /* BLEApp.xcdatamodel */,
			);
			currentVersion = 44E879B11DE3A37500A14C57 /* BLEApp.xcdatamodel */;
			path = BLEApp.xcdatamodeld;
			sourceTree = "<group>";
			versionGroupType = wrapper.xcdatamodel;
		};
/* End XCVersionGroup section */
	};
	rootObject = 44E8799E1DE3A37500A14C57 /* Project object */;
}
